
Microsoft Visual Studio Solution File, Format Version 12.00
# Visual Studio Version 17
VisualStudioVersion = 17.0.32014.148
MinimumVisualStudioVersion = 10.0.40219.1
Project("{9A19103F-16F7-4668-BE54-9A1E7A4F7556}") = "AmbientServices", "AmbientServices\AmbientServices.csproj", "{E7BADA3B-6CCA-4487-B56B-D123AD78BB1F}"
EndProject
Project("{9A19103F-16F7-4668-BE54-9A1E7A4F7556}") = "AmbientServices.Test", "AmbientServices.Test\AmbientServices.Test.csproj", "{4E916857-F59E-4B5C-988A-FBDBB96717DA}"
EndProject
Project("{2150E333-8FDC-42A3-9474-1A3956D46DE8}") = "Solution Items", "Solution Items", "{BEB5C335-ED9E-4B7A-877D-C57B9410F0B8}"
	ProjectSection(SolutionItems) = preProject
		.editorconfig = .editorconfig
		.github\workflows\Build.yml = .github\workflows\Build.yml
		README.md = README.md
	EndProjectSection
EndProject
Project("{9A19103F-16F7-4668-BE54-9A1E7A4F7556}") = "AmbientServices.Test.DelayedLoad", "AmbientServices.Test.DelayedLoad\AmbientServices.Test.DelayedLoad.csproj", "{A29BD8BA-524C-4FF4-9578-6C70A7F3122E}"
EndProject
Project("{9A19103F-16F7-4668-BE54-9A1E7A4F7556}") = "AmbientServices.Samples", "AmbientServices.Samples\AmbientServices.Samples.csproj", "{B046E359-53D2-4B9B-950B-08A25FC97D17}"
EndProject
Project("{9A19103F-16F7-4668-BE54-9A1E7A4F7556}") = "ReflectionTypeLoadException.Assembly", "ReflectionTypeLoadException.Assembly\ReflectionTypeLoadException.Assembly.csproj", "{7336349D-57F3-4D26-82FF-AC48F91168EA}"
EndProject
Global
	GlobalSection(SolutionConfigurationPlatforms) = preSolution
		Debug|Any CPU = Debug|Any CPU
		Release|Any CPU = Release|Any CPU
	EndGlobalSection
	GlobalSection(ProjectConfigurationPlatforms) = postSolution
		{E7BADA3B-6CCA-4487-B56B-D123AD78BB1F}.Debug|Any CPU.ActiveCfg = Debug|Any CPU
		{E7BADA3B-6CCA-4487-B56B-D123AD78BB1F}.Debug|Any CPU.Build.0 = Debug|Any CPU
		{E7BADA3B-6CCA-4487-B56B-D123AD78BB1F}.Release|Any CPU.ActiveCfg = Release|Any CPU
		{E7BADA3B-6CCA-4487-B56B-D123AD78BB1F}.Release|Any CPU.Build.0 = Release|Any CPU
		{4E916857-F59E-4B5C-988A-FBDBB96717DA}.Debug|Any CPU.ActiveCfg = Debug|Any CPU
		{4E916857-F59E-4B5C-988A-FBDBB96717DA}.Debug|Any CPU.Build.0 = Debug|Any CPU
		{4E916857-F59E-4B5C-988A-FBDBB96717DA}.Release|Any CPU.ActiveCfg = Release|Any CPU
		{4E916857-F59E-4B5C-988A-FBDBB96717DA}.Release|Any CPU.Build.0 = Release|Any CPU
		{A29BD8BA-524C-4FF4-9578-6C70A7F3122E}.Debug|Any CPU.ActiveCfg = Debug|Any CPU
		{A29BD8BA-524C-4FF4-9578-6C70A7F3122E}.Debug|Any CPU.Build.0 = Debug|Any CPU
		{A29BD8BA-524C-4FF4-9578-6C70A7F3122E}.Release|Any CPU.ActiveCfg = Release|Any CPU
		{A29BD8BA-524C-4FF4-9578-6C70A7F3122E}.Release|Any CPU.Build.0 = Release|Any CPU
		{B046E359-53D2-4B9B-950B-08A25FC97D17}.Debug|Any CPU.ActiveCfg = Debug|Any CPU
		{B046E359-53D2-4B9B-950B-08A25FC97D17}.Debug|Any CPU.Build.0 = Debug|Any CPU
		{B046E359-53D2-4B9B-950B-08A25FC97D17}.Release|Any CPU.ActiveCfg = Release|Any CPU
		{B046E359-53D2-4B9B-950B-08A25FC97D17}.Release|Any CPU.Build.0 = Release|Any CPU
		{7336349D-57F3-4D26-82FF-AC48F91168EA}.Debug|Any CPU.ActiveCfg = Debug|Any CPU
		{7336349D-57F3-4D26-82FF-AC48F91168EA}.Debug|Any CPU.Build.0 = Debug|Any CPU
		{7336349D-57F3-4D26-82FF-AC48F91168EA}.Release|Any CPU.ActiveCfg = Release|Any CPU
		{7336349D-57F3-4D26-82FF-AC48F91168EA}.Release|Any CPU.Build.0 = Release|Any CPU
	EndGlobalSection
	GlobalSection(SolutionProperties) = preSolution
		HideSolutionNode = FALSE
	EndGlobalSection
	GlobalSection(ExtensibilityGlobals) = postSolution
		SolutionGuid = {136B2ADE-029D-4B71-974C-6E51EF40C55A}
	EndGlobalSection
EndGlobal
